
Microsoft Visual Studio Solution File, Format Version 12.00
# Visual Studio 2013
VisualStudioVersion = 12.0.31101.0
MinimumVisualStudioVersion = 10.0.40219.1
Project("{FAE04EC0-301F-11D3-BF4B-00C04F79EFBC}") = "CST407FinalBlackJack", "CST407FInalBlackJack\CST407FinalBlackJack.csproj", "{68481EB6-7578-45BE-B674-EB0D5525B97C}"
EndProject
Global
	GlobalSection(SolutionConfigurationPlatforms) = preSolution
		Debug|Any CPU = Debug|Any CPU
		Release|Any CPU = Release|Any CPU
	EndGlobalSection
	GlobalSection(ProjectConfigurationPlatforms) = postSolution
		{68481EB6-7578-45BE-B674-EB0D5525B97C}.Debug|Any CPU.ActiveCfg = Debug|Any CPU
		{68481EB6-7578-45BE-B674-EB0D5525B97C}.Debug|Any CPU.Build.0 = Debug|Any CPU
		{68481EB6-7578-45BE-B674-EB0D5525B97C}.Release|Any CPU.ActiveCfg = Release|Any CPU
		{68481EB6-7578-45BE-B674-EB0D5525B97C}.Release|Any CPU.Build.0 = Release|Any CPU
	EndGlobalSection
	GlobalSection(SolutionProperties) = preSolution
		HideSolutionNode = FALSE
	EndGlobalSection
EndGlobal
